
Microsoft Visual Studio Solution File, Format Version 12.00
# Visual Studio Version 16
VisualStudioVersion = 16.0.31410.357
MinimumVisualStudioVersion = 10.0.40219.1
Project("{9A19103F-16F7-4668-BE54-9A1E7A4F7556}") = "zhunting.Core", "zhunting\zhunting.Core.csproj", "{E5191F4E-8CB1-4159-B49B-F9E7EE400A65}"
EndProject
Project("{9A19103F-16F7-4668-BE54-9A1E7A4F7556}") = "zhunting.Data", "zhunting.Data\zhunting.Data.csproj", "{57C3BD5B-DC9A-44C7-8658-AF9DBFB1E50E}"
EndProject
Project("{9A19103F-16F7-4668-BE54-9A1E7A4F7556}") = "zhunting.DataAccess", "zhunting.DataAccess\zhunting.DataAccess.csproj", "{ED05E044-62D6-443E-9BE8-8227F9A7CB69}"
EndProject
Project("{FAE04EC0-301F-11D3-BF4B-00C04F79EFBC}") = "zhunting.BLL", "zhunting.BLL\zhunting.BLL.csproj", "{F6FE01D3-017C-407E-BCF1-8D5A30CB37DB}"
EndProject
Project("{FAE04EC0-301F-11D3-BF4B-00C04F79EFBC}") = "zhunting.Identity", "zhunting.Identity\zhunting.Identity.csproj", "{072BAA35-A609-48F8-85B5-2C41666E56D2}"
EndProject
Project("{FAE04EC0-301F-11D3-BF4B-00C04F79EFBC}") = "IdentityServer", "IdentityServer\IdentityServer.csproj", "{78A9D478-5C42-4258-AEA0-5F0A06C060A6}"
EndProject
Global
	GlobalSection(SolutionConfigurationPlatforms) = preSolution
		Debug|Any CPU = Debug|Any CPU
		Release|Any CPU = Release|Any CPU
	EndGlobalSection
	GlobalSection(ProjectConfigurationPlatforms) = postSolution
		{E5191F4E-8CB1-4159-B49B-F9E7EE400A65}.Debug|Any CPU.ActiveCfg = Debug|Any CPU
		{E5191F4E-8CB1-4159-B49B-F9E7EE400A65}.Debug|Any CPU.Build.0 = Debug|Any CPU
		{E5191F4E-8CB1-4159-B49B-F9E7EE400A65}.Release|Any CPU.ActiveCfg = Release|Any CPU
		{E5191F4E-8CB1-4159-B49B-F9E7EE400A65}.Release|Any CPU.Build.0 = Release|Any CPU
		{57C3BD5B-DC9A-44C7-8658-AF9DBFB1E50E}.Debug|Any CPU.ActiveCfg = Debug|Any CPU
		{57C3BD5B-DC9A-44C7-8658-AF9DBFB1E50E}.Debug|Any CPU.Build.0 = Debug|Any CPU
		{57C3BD5B-DC9A-44C7-8658-AF9DBFB1E50E}.Release|Any CPU.ActiveCfg = Release|Any CPU
		{57C3BD5B-DC9A-44C7-8658-AF9DBFB1E50E}.Release|Any CPU.Build.0 = Release|Any CPU
		{ED05E044-62D6-443E-9BE8-8227F9A7CB69}.Debug|Any CPU.ActiveCfg = Debug|Any CPU
		{ED05E044-62D6-443E-9BE8-8227F9A7CB69}.Debug|Any CPU.Build.0 = Debug|Any CPU
		{ED05E044-62D6-443E-9BE8-8227F9A7CB69}.Release|Any CPU.ActiveCfg = Release|Any CPU
		{ED05E044-62D6-443E-9BE8-8227F9A7CB69}.Release|Any CPU.Build.0 = Release|Any CPU
		{F6FE01D3-017C-407E-BCF1-8D5A30CB37DB}.Debug|Any CPU.ActiveCfg = Debug|Any CPU
		{F6FE01D3-017C-407E-BCF1-8D5A30CB37DB}.Debug|Any CPU.Build.0 = Debug|Any CPU
		{F6FE01D3-017C-407E-BCF1-8D5A30CB37DB}.Release|Any CPU.ActiveCfg = Release|Any CPU
		{F6FE01D3-017C-407E-BCF1-8D5A30CB37DB}.Release|Any CPU.Build.0 = Release|Any CPU
		{072BAA35-A609-48F8-85B5-2C41666E56D2}.Debug|Any CPU.ActiveCfg = Debug|Any CPU
		{072BAA35-A609-48F8-85B5-2C41666E56D2}.Debug|Any CPU.Build.0 = Debug|Any CPU
		{072BAA35-A609-48F8-85B5-2C41666E56D2}.Release|Any CPU.ActiveCfg = Release|Any CPU
		{072BAA35-A609-48F8-85B5-2C41666E56D2}.Release|Any CPU.Build.0 = Release|Any CPU
		{78A9D478-5C42-4258-AEA0-5F0A06C060A6}.Debug|Any CPU.ActiveCfg = Debug|Any CPU
		{78A9D478-5C42-4258-AEA0-5F0A06C060A6}.Debug|Any CPU.Build.0 = Debug|Any CPU
		{78A9D478-5C42-4258-AEA0-5F0A06C060A6}.Release|Any CPU.ActiveCfg = Release|Any CPU
		{78A9D478-5C42-4258-AEA0-5F0A06C060A6}.Release|Any CPU.Build.0 = Release|Any CPU
	EndGlobalSection
	GlobalSection(SolutionProperties) = preSolution
		HideSolutionNode = FALSE
	EndGlobalSection
	GlobalSection(ExtensibilityGlobals) = postSolution
		SolutionGuid = {160AEC09-D37F-443B-81DE-84C0EFFABABF}
	EndGlobalSection
EndGlobal
